
Microsoft Visual Studio Solution File, Format Version 12.00
# Visual Studio Version 17
VisualStudioVersion = 17.9.34701.34
MinimumVisualStudioVersion = 10.0.40219.1
Project("{9A19103F-16F7-4668-BE54-9A1E7A4F7556}") = "Lib", "Lib\Lib.csproj", "{2A6EAB2E-1F5F-40BA-B025-2DDB612BFCD7}"
EndProject
Project("{9A19103F-16F7-4668-BE54-9A1E7A4F7556}") = "FormUI", "FormUI\FormUI.csproj", "{CFEF5C88-5ECD-4DBB-88A4-B92E0BEB0F03}"
EndProject
Global
	GlobalSection(SolutionConfigurationPlatforms) = preSolution
		Debug|Any CPU = Debug|Any CPU
		Release|Any CPU = Release|Any CPU
	EndGlobalSection
	GlobalSection(ProjectConfigurationPlatforms) = postSolution
		{2A6EAB2E-1F5F-40BA-B025-2DDB612BFCD7}.Debug|Any CPU.ActiveCfg = Debug|Any CPU
		{2A6EAB2E-1F5F-40BA-B025-2DDB612BFCD7}.Debug|Any CPU.Build.0 = Debug|Any CPU
		{2A6EAB2E-1F5F-40BA-B025-2DDB612BFCD7}.Release|Any CPU.ActiveCfg = Release|Any CPU
		{2A6EAB2E-1F5F-40BA-B025-2DDB612BFCD7}.Release|Any CPU.Build.0 = Release|Any CPU
		{CFEF5C88-5ECD-4DBB-88A4-B92E0BEB0F03}.Debug|Any CPU.ActiveCfg = Debug|Any CPU
		{CFEF5C88-5ECD-4DBB-88A4-B92E0BEB0F03}.Debug|Any CPU.Build.0 = Debug|Any CPU
		{CFEF5C88-5ECD-4DBB-88A4-B92E0BEB0F03}.Release|Any CPU.ActiveCfg = Release|Any CPU
		{CFEF5C88-5ECD-4DBB-88A4-B92E0BEB0F03}.Release|Any CPU.Build.0 = Release|Any CPU
	EndGlobalSection
	GlobalSection(SolutionProperties) = preSolution
		HideSolutionNode = FALSE
	EndGlobalSection
	GlobalSection(ExtensibilityGlobals) = postSolution
		SolutionGuid = {E1258328-851D-4FA0-B83F-3CE3DC3B2497}
	EndGlobalSection
EndGlobal
